{
  "nodes": {
    "crane": {
      "locked": {
        "lastModified": 1754269165,
        "narHash": "sha256-0tcS8FHd4QjbCVoxN9jI+PjHgA4vc/IjkUSp+N3zy0U=",
        "owner": "ipetkov",
        "repo": "crane",
        "rev": "444e81206df3f7d92780680e45858e31d2f07a08",
        "type": "github"
      },
      "original": {
        "owner": "ipetkov",
        "repo": "crane",
        "type": "github"
      }
    },
    "crane_2": {
      "locked": {
        "lastModified": 1742143293,
        "narHash": "sha256-8oKPsMlqlOQ7qnTWvhBEcfVFY1WqHIcSilGVtaLAquw=",
        "owner": "ipetkov",
        "repo": "crane",
        "rev": "de3bb0155823298161c1c0a7805f10d4b4074bbb",
        "type": "github"
      },
      "original": {
        "owner": "ipetkov",
        "repo": "crane",
        "type": "github"
      }
    },
    "docs-search": {
      "flake": false,
      "locked": {
        "lastModified": 1675992564,
        "narHash": "sha256-Tk9VSogFHXtXe9O9vuCEfM/PV/S7plMIO0I++fCZn7U=",
        "owner": "purs-nix",
        "repo": "purescript-docs-search",
        "rev": "35822b1d6ce65b1a07f80dd9e2caf15c3ee83e2c",
        "type": "github"
      },
      "original": {
        "owner": "purs-nix",
        "repo": "purescript-docs-search",
        "type": "github"
      }
    },
    "flake-utils": {
      "inputs": {
        "systems": "systems"
      },
      "locked": {
        "lastModified": 1731533236,
        "narHash": "sha256-l0KFg5HjrsfsO/JpG+r7fRrqm12kzFHyUHqHCVpMMbI=",
        "owner": "numtide",
        "repo": "flake-utils",
        "rev": "11707dc2f618dd54ca8739b309ec4fc024de578b",
        "type": "github"
      },
      "original": {
        "owner": "numtide",
        "repo": "flake-utils",
        "type": "github"
      }
    },
    "flake-utils_2": {
      "locked": {
        "lastModified": 1644229661,
        "narHash": "sha256-1YdnJAsNy69bpcjuoKdOYQX0YxZBiCYZo4Twxerqv7k=",
        "owner": "numtide",
        "repo": "flake-utils",
        "rev": "3cecb5b042f7f209c56ffd8371b2711a290ec797",
        "type": "github"
      },
      "original": {
        "owner": "numtide",
        "repo": "flake-utils",
        "type": "github"
      }
    },
    "flake-utils_3": {
      "locked": {
        "lastModified": 1618217525,
        "narHash": "sha256-WGrhVczjXTiswQaoxQ+0PTfbLNeOQM6M36zvLn78AYg=",
        "owner": "numtide",
        "repo": "flake-utils",
        "rev": "c6169a2772643c4a93a0b5ac1c61e296cba68544",
        "type": "github"
      },
      "original": {
        "owner": "numtide",
        "repo": "flake-utils",
        "type": "github"
      }
    },
    "flake-utils_4": {
      "locked": {
        "lastModified": 1618217525,
        "narHash": "sha256-WGrhVczjXTiswQaoxQ+0PTfbLNeOQM6M36zvLn78AYg=",
        "owner": "numtide",
        "repo": "flake-utils",
        "rev": "c6169a2772643c4a93a0b5ac1c61e296cba68544",
        "type": "github"
      },
      "original": {
        "owner": "numtide",
        "repo": "flake-utils",
        "type": "github"
      }
    },
    "flake-utils_5": {
      "inputs": {
        "systems": "systems_2"
      },
      "locked": {
        "lastModified": 1731533236,
        "narHash": "sha256-l0KFg5HjrsfsO/JpG+r7fRrqm12kzFHyUHqHCVpMMbI=",
        "owner": "numtide",
        "repo": "flake-utils",
        "rev": "11707dc2f618dd54ca8739b309ec4fc024de578b",
        "type": "github"
      },
      "original": {
        "owner": "numtide",
        "repo": "flake-utils",
        "type": "github"
      }
    },
    "get-flake": {
      "locked": {
        "lastModified": 1644686428,
        "narHash": "sha256-zkhYsURWFrvEZLkIoBeqFBzSu+cA2u5mo6M8vq9LN7M=",
        "owner": "ursi",
        "repo": "get-flake",
        "rev": "703f15558daa56dfae19d1858bb3046afe68831a",
        "type": "github"
      },
      "original": {
        "owner": "ursi",
        "repo": "get-flake",
        "type": "github"
      }
    },
    "lint-utils": {
      "inputs": {
        "flake-utils": "flake-utils_2",
        "nixpkgs": [
          "purs-nix",
          "nixpkgs"
        ]
      },
      "locked": {
        "lastModified": 1707777931,
        "narHash": "sha256-PsPb5xMBZ9dPDP04o9vqKEUIEG80Z84/74fPuOMs0ZI=",
        "owner": "homotopic",
        "repo": "lint-utils",
        "rev": "5f11e3e51d8f1aa4ed62a89e90f05953931e105a",
        "type": "github"
      },
      "original": {
        "owner": "homotopic",
        "repo": "lint-utils",
        "type": "github"
      }
    },
    "make-shell": {
      "locked": {
        "lastModified": 1634940815,
        "narHash": "sha256-P69OmveboXzS+es1vQGS4bt+ckwbeIExqxfGLjGuJqA=",
        "owner": "ursi",
        "repo": "nix-make-shell",
        "rev": "8add91681170924e4d0591b22f294aee3f5516f9",
        "type": "github"
      },
      "original": {
        "owner": "ursi",
        "ref": "1",
        "repo": "nix-make-shell",
        "type": "github"
      }
    },
    "make-shell_2": {
      "locked": {
        "lastModified": 1634940815,
        "narHash": "sha256-P69OmveboXzS+es1vQGS4bt+ckwbeIExqxfGLjGuJqA=",
        "owner": "ursi",
        "repo": "nix-make-shell",
        "rev": "8add91681170924e4d0591b22f294aee3f5516f9",
        "type": "github"
      },
      "original": {
        "owner": "ursi",
        "ref": "1",
        "repo": "nix-make-shell",
        "type": "github"
      }
    },
    "newton": {
      "inputs": {
        "nixpkgs": [
          "newton",
          "teleia",
          "nixpkgs"
        ],
        "st": "st",
        "teleia": "teleia"
      },
      "locked": {
        "lastModified": 1755248656,
        "narHash": "sha256-hs5j3a6ZH2hjv5SIV9u3ZNdWmwC3h5GVTc0xOsvsU7k=",
        "owner": "lcolonq",
        "repo": "newton",
        "rev": "a196b0cd8669d50ca26f8865dcccb6f556b98cd9",
        "type": "github"
      },
      "original": {
        "owner": "lcolonq",
        "repo": "newton",
        "type": "github"
      }
    },
    "nixpkgs": {
      "locked": {
        "lastModified": 1753432016,
        "narHash": "sha256-cnL5WWn/xkZoyH/03NNUS7QgW5vI7D1i74g48qplCvg=",
        "owner": "NixOS",
        "repo": "nixpkgs",
        "rev": "6027c30c8e9810896b92429f0092f624f7b1aace",
        "type": "github"
      },
      "original": {
        "owner": "NixOS",
        "ref": "nixpkgs-unstable",
        "repo": "nixpkgs",
        "type": "github"
      }
    },
    "nixpkgs_2": {
      "locked": {
        "lastModified": 1730643484,
        "narHash": "sha256-FZN70acnL7V0gfmtLTdsi4J1o51bfaBYDTi3E7b7z3U=",
        "owner": "NixOS",
        "repo": "nixpkgs",
        "rev": "4ae2e647537bcdbb82265469442713d066675275",
        "type": "github"
      },
      "original": {
        "owner": "NixOS",
        "ref": "nixpkgs-unstable",
        "repo": "nixpkgs",
        "type": "github"
      }
    },
    "nixpkgs_3": {
      "locked": {
        "lastModified": 1704161960,
        "narHash": "sha256-QGua89Pmq+FBAro8NriTuoO/wNaUtugt29/qqA8zeeM=",
        "owner": "NixOS",
        "repo": "nixpkgs",
        "rev": "63143ac2c9186be6d9da6035fa22620018c85932",
        "type": "github"
      },
      "original": {
        "owner": "NixOS",
        "ref": "nixpkgs-unstable",
        "repo": "nixpkgs",
        "type": "github"
      }
    },
    "nixpkgs_4": {
      "locked": {
        "lastModified": 1656549732,
        "narHash": "sha256-eILutFZGjfk2bEzfim8S/qyYc//0S1KsCeO+OWbtoR0=",
        "owner": "NixOS",
        "repo": "nixpkgs",
        "rev": "d3248619647234b5dc74a6921bcdf6dd8323eb22",
        "type": "github"
      },
      "original": {
        "owner": "NixOS",
        "ref": "nixpkgs-unstable",
        "repo": "nixpkgs",
        "type": "github"
      }
    },
    "nixpkgs_5": {
      "locked": {
        "lastModified": 1741865919,
        "narHash": "sha256-4thdbnP6dlbdq+qZWTsm4ffAwoS8Tiq1YResB+RP6WE=",
        "owner": "NixOS",
        "repo": "nixpkgs",
        "rev": "573c650e8a14b2faa0041645ab18aed7e60f0c9a",
        "type": "github"
      },
      "original": {
        "owner": "NixOS",
        "ref": "nixpkgs-unstable",
        "repo": "nixpkgs",
        "type": "github"
      }
    },
    "parsec": {
      "locked": {
        "lastModified": 1635533376,
        "narHash": "sha256-/HrG0UPGnI5VdkhrNrpDiM2+nhdL6lD/bqyGtYv0QDE=",
        "owner": "nprindle",
        "repo": "nix-parsec",
        "rev": "1bf25dd9c5de1257a1c67de3c81c96d05e8beb5e",
        "type": "github"
      },
      "original": {
        "owner": "nprindle",
        "repo": "nix-parsec",
        "type": "github"
      }
    },
    "ps-tools": {
      "inputs": {
        "make-shell": "make-shell_2",
        "nixpkgs": "nixpkgs_4",
        "utils": "utils"
      },
      "locked": {
        "lastModified": 1704567308,
        "narHash": "sha256-WbFPIkKLtyQOPBUjintckKIYnfs7MvIbmfVsLRSAPlc=",
        "owner": "purs-nix",
        "repo": "purescript-tools",
        "rev": "ac626313141cbee78f06eb3c5e90359f695aef9b",
        "type": "github"
      },
      "original": {
        "owner": "purs-nix",
        "repo": "purescript-tools",
        "type": "github"
      }
    },
    "purs-nix": {
      "inputs": {
        "docs-search": "docs-search",
        "get-flake": "get-flake",
        "lint-utils": "lint-utils",
        "make-shell": "make-shell",
        "nixpkgs": "nixpkgs_3",
        "parsec": "parsec",
        "ps-tools": "ps-tools",
        "utils": "utils_2"
      },
      "locked": {
        "lastModified": 1725998053,
        "narHash": "sha256-qS5eWGoM/gLkC5WnEXCLUIts/kc4zzPTw5GtlYIE5Eo=",
        "owner": "purs-nix",
        "repo": "purs-nix",
        "rev": "7a4d5856d4381d0ff1919b2fca073bf261ca4daf",
        "type": "github"
      },
      "original": {
        "owner": "purs-nix",
        "ref": "ps-0.15",
        "repo": "purs-nix",
        "type": "github"
      }
    },
    "ranch": {
      "inputs": {
        "nixpkgs": [
          "ranch",
          "teleia",
          "nixpkgs"
        ],
        "teleia": "teleia_2"
      },
      "locked": {
        "lastModified": 1749370660,
        "narHash": "sha256-6w2733YBKnxihE5eV7w4cHtssT9uNBLa8hapyQDDBoQ=",
        "owner": "lcolonq",
        "repo": "ranch",
        "rev": "c85b04d75e8eb11f1ddbf6f143e199c494ae2b2b",
        "type": "github"
      },
      "original": {
        "owner": "lcolonq",
        "repo": "ranch",
        "type": "github"
      }
    },
    "root": {
      "inputs": {
        "newton": "newton",
        "nixpkgs": "nixpkgs_2",
        "ps-tools": [
          "purs-nix",
          "ps-tools"
        ],
        "purs-nix": "purs-nix",
        "ranch": "ranch"
      }
    },
    "rust-overlay": {
      "inputs": {
        "nixpkgs": [
          "newton",
          "teleia",
          "nixpkgs"
        ]
      },
      "locked": {
        "lastModified": 1753584741,
        "narHash": "sha256-i147iFSy4K4PJvID+zoszLbRi2o+YV8AyG4TUiDQ3+I=",
        "owner": "oxalica",
        "repo": "rust-overlay",
        "rev": "69dfe029679e73b8d159011c9547f6148a85ca6b",
        "type": "github"
      },
      "original": {
        "owner": "oxalica",
        "repo": "rust-overlay",
        "type": "github"
      }
    },
    "rust-overlay_2": {
      "inputs": {
        "nixpkgs": [
          "ranch",
          "teleia",
          "nixpkgs"
        ]
      },
      "locked": {
        "lastModified": 1742178793,
        "narHash": "sha256-S2onMdoDS4tIYd3/Jc5oFEZBr2dJOgPrh9KzSO/bfDw=",
        "owner": "oxalica",
        "repo": "rust-overlay",
        "rev": "954582a766a50ebef5695a9616c93b5386418c08",
        "type": "github"
      },
      "original": {
        "owner": "oxalica",
        "repo": "rust-overlay",
        "type": "github"
      }
    },
    "st": {
      "inputs": {
        "nixpkgs": [
          "newton",
          "nixpkgs"
        ]
      },
      "locked": {
        "lastModified": 1738300089,
        "narHash": "sha256-kcLup2C1MlD/yiN7quujBSGfEH6356QggnqI+sVQHR4=",
        "owner": "lcolonq",
        "repo": "st",
        "rev": "e982b1d75eda54ab6b3051675fb21d32b3731bb5",
        "type": "github"
      },
      "original": {
        "owner": "lcolonq",
        "repo": "st",
        "type": "github"
      }
    },
    "systems": {
      "locked": {
        "lastModified": 1681028828,
        "narHash": "sha256-Vy1rq5AaRuLzOxct8nz4T6wlgyUR7zLU309k9mBC768=",
        "owner": "nix-systems",
        "repo": "default",
        "rev": "da67096a3b9bf56a91d16901293e51ba5b49a27e",
        "type": "github"
      },
      "original": {
        "owner": "nix-systems",
        "repo": "default",
        "type": "github"
      }
    },
    "systems_2": {
      "locked": {
        "lastModified": 1681028828,
        "narHash": "sha256-Vy1rq5AaRuLzOxct8nz4T6wlgyUR7zLU309k9mBC768=",
        "owner": "nix-systems",
        "repo": "default",
        "rev": "da67096a3b9bf56a91d16901293e51ba5b49a27e",
        "type": "github"
      },
      "original": {
        "owner": "nix-systems",
        "repo": "default",
        "type": "github"
      }
    },
    "teleia": {
      "inputs": {
        "crane": "crane",
        "flake-utils": "flake-utils",
        "nixpkgs": "nixpkgs",
        "rust-overlay": "rust-overlay"
      },
      "locked": {
        "lastModified": 1755248408,
        "narHash": "sha256-fSdigxPV4/fASh0e32GGso1TuQVBbv9m7oNmLdWeUOQ=",
        "owner": "lcolonq",
        "repo": "teleia",
        "rev": "d8b65583864e57c6702283ee19d18c2421bbc8fb",
        "type": "github"
      },
      "original": {
        "owner": "lcolonq",
        "repo": "teleia",
        "type": "github"
      }
    },
    "teleia_2": {
      "inputs": {
        "crane": "crane_2",
        "flake-utils": "flake-utils_5",
        "nixpkgs": "nixpkgs_5",
        "rust-overlay": "rust-overlay_2"
      },
      "locked": {
        "lastModified": 1749369738,
        "narHash": "sha256-A9uEf3VUDO+O0EQ1gcupX1vm1hmKPUCDPHbounSd3uk=",
        "owner": "lcolonq",
        "repo": "teleia",
        "rev": "4ccaa3c849070379f52e6b306811ca33305d0694",
        "type": "github"
      },
      "original": {
        "owner": "lcolonq",
        "repo": "teleia",
        "type": "github"
      }
    },
    "utils": {
      "inputs": {
        "flake-utils": "flake-utils_3"
      },
      "locked": {
        "lastModified": 1656044990,
        "narHash": "sha256-f01BB7CaOyntOab9XnpH9HD63rGcnu2iyL4M2ubs5F8=",
        "owner": "ursi",
        "repo": "flake-utils",
        "rev": "f53b674a2c90f6202a2f4cd491aba121775490b5",
        "type": "github"
      },
      "original": {
        "owner": "ursi",
        "ref": "8",
        "repo": "flake-utils",
        "type": "github"
      }
    },
    "utils_2": {
      "inputs": {
        "flake-utils": "flake-utils_4"
      },
      "locked": {
        "lastModified": 1656044990,
        "narHash": "sha256-f01BB7CaOyntOab9XnpH9HD63rGcnu2iyL4M2ubs5F8=",
        "owner": "ursi",
        "repo": "flake-utils",
        "rev": "f53b674a2c90f6202a2f4cd491aba121775490b5",
        "type": "github"
      },
      "original": {
        "owner": "ursi",
        "ref": "8",
        "repo": "flake-utils",
        "type": "github"
      }
    }
  },
  "root": "root",
  "version": 7
}
